
Microsoft Visual Studio Solution File, Format Version 12.00
# Visual Studio Version 16
VisualStudioVersion = 16.0.30907.101
MinimumVisualStudioVersion = 10.0.40219.1
Project("{FAE04EC0-301F-11D3-BF4B-00C04F79EFBC}") = "AniraSP.Console", "AniraSP.Console\AniraSP.Console.csproj", "{94755F40-E962-40C2-B95E-C1F30B8736EA}"
EndProject
Project("{2150E333-8FDC-42A3-9474-1A3956D46DE8}") = "AniraSP.Core", "AniraSP.Core", "{3504CB1F-6218-4030-8FE9-B5C7274F7C40}"
EndProject
Project("{FAE04EC0-301F-11D3-BF4B-00C04F79EFBC}") = "AniraSP.BLL", "AniraSP.Core\AniraSP.BLL\AniraSP.BLL.csproj", "{F1E46343-732B-43A0-A504-AEEE8DC6C8F3}"
EndProject
Project("{FAE04EC0-301F-11D3-BF4B-00C04F79EFBC}") = "AniraSP.Clients", "AniraSP.Clients\AniraSP.Clients.csproj", "{783CA2BC-ABF5-4E8D-8309-714E9CE61711}"
EndProject
Project("{FAE04EC0-301F-11D3-BF4B-00C04F79EFBC}") = "HttpWebClient", "AniraSP.Core\HttpWebClient\HttpWebClient.csproj", "{FF893C9B-6AA2-4610-B7E6-A75E90B888B3}"
EndProject
Project("{FAE04EC0-301F-11D3-BF4B-00C04F79EFBC}") = "AniraSP.Database", "AniraSP.Core\AniraSP.Database\AniraSP.Database.csproj", "{A96A05DC-B7F8-41D5-A6FF-0CC5A6FB4B3C}"
EndProject
Project("{2150E333-8FDC-42A3-9474-1A3956D46DE8}") = "AniraSP.DAL", "AniraSP.DAL", "{FC15B329-1F78-491D-ABB3-BF5E961CF0C4}"
EndProject
Project("{FAE04EC0-301F-11D3-BF4B-00C04F79EFBC}") = "AniraSP.DAL", "AniraSP.DAL\AniraSP.DAL.csproj", "{9820E01C-421B-4B49-BCAA-787F06D406CA}"
EndProject
Project("{2150E333-8FDC-42A3-9474-1A3956D46DE8}") = "AniraSP.Services", "AniraSP.Services", "{9620660D-280B-4A79-91AF-C148B0151AB4}"
EndProject
Project("{FAE04EC0-301F-11D3-BF4B-00C04F79EFBC}") = "AniraSP.PerformanceTest", "AniraSP.PerformanceTest\AniraSP.PerformanceTest.csproj", "{9A233058-12FC-40AD-A35C-A6DE93B1AD52}"
EndProject
Project("{FAE04EC0-301F-11D3-BF4B-00C04F79EFBC}") = "AniraSP.Utilities", "AniraSP.Utilities\AniraSP.Utilities.csproj", "{3A5600FF-DE92-44AA-BEF5-8A50E70D8DC9}"
EndProject
Project("{FAE04EC0-301F-11D3-BF4B-00C04F79EFBC}") = "AniraSP.DAL.Adapter", "AniraSP.DAL.Adapter\AniraSP.DAL.Adapter.csproj", "{EE6F32DB-42ED-4BCE-A8E0-67EA0CEC465A}"
EndProject
Global
	GlobalSection(SolutionConfigurationPlatforms) = preSolution
		Debug|Any CPU = Debug|Any CPU
		Release|Any CPU = Release|Any CPU
	EndGlobalSection
	GlobalSection(ProjectConfigurationPlatforms) = postSolution
		{94755F40-E962-40C2-B95E-C1F30B8736EA}.Debug|Any CPU.ActiveCfg = Debug|Any CPU
		{94755F40-E962-40C2-B95E-C1F30B8736EA}.Debug|Any CPU.Build.0 = Debug|Any CPU
		{94755F40-E962-40C2-B95E-C1F30B8736EA}.Release|Any CPU.ActiveCfg = Release|Any CPU
		{94755F40-E962-40C2-B95E-C1F30B8736EA}.Release|Any CPU.Build.0 = Release|Any CPU
		{F1E46343-732B-43A0-A504-AEEE8DC6C8F3}.Debug|Any CPU.ActiveCfg = Debug|Any CPU
		{F1E46343-732B-43A0-A504-AEEE8DC6C8F3}.Debug|Any CPU.Build.0 = Debug|Any CPU
		{F1E46343-732B-43A0-A504-AEEE8DC6C8F3}.Release|Any CPU.ActiveCfg = Release|Any CPU
		{F1E46343-732B-43A0-A504-AEEE8DC6C8F3}.Release|Any CPU.Build.0 = Release|Any CPU
		{783CA2BC-ABF5-4E8D-8309-714E9CE61711}.Debug|Any CPU.ActiveCfg = Debug|Any CPU
		{783CA2BC-ABF5-4E8D-8309-714E9CE61711}.Debug|Any CPU.Build.0 = Debug|Any CPU
		{783CA2BC-ABF5-4E8D-8309-714E9CE61711}.Release|Any CPU.ActiveCfg = Release|Any CPU
		{783CA2BC-ABF5-4E8D-8309-714E9CE61711}.Release|Any CPU.Build.0 = Release|Any CPU
		{FF893C9B-6AA2-4610-B7E6-A75E90B888B3}.Debug|Any CPU.ActiveCfg = Debug|Any CPU
		{FF893C9B-6AA2-4610-B7E6-A75E90B888B3}.Debug|Any CPU.Build.0 = Debug|Any CPU
		{FF893C9B-6AA2-4610-B7E6-A75E90B888B3}.Release|Any CPU.ActiveCfg = Release|Any CPU
		{FF893C9B-6AA2-4610-B7E6-A75E90B888B3}.Release|Any CPU.Build.0 = Release|Any CPU
		{A96A05DC-B7F8-41D5-A6FF-0CC5A6FB4B3C}.Debug|Any CPU.ActiveCfg = Debug|Any CPU
		{A96A05DC-B7F8-41D5-A6FF-0CC5A6FB4B3C}.Debug|Any CPU.Build.0 = Debug|Any CPU
		{A96A05DC-B7F8-41D5-A6FF-0CC5A6FB4B3C}.Release|Any CPU.ActiveCfg = Release|Any CPU
		{A96A05DC-B7F8-41D5-A6FF-0CC5A6FB4B3C}.Release|Any CPU.Build.0 = Release|Any CPU
		{9820E01C-421B-4B49-BCAA-787F06D406CA}.Debug|Any CPU.ActiveCfg = Debug|Any CPU
		{9820E01C-421B-4B49-BCAA-787F06D406CA}.Debug|Any CPU.Build.0 = Debug|Any CPU
		{9820E01C-421B-4B49-BCAA-787F06D406CA}.Release|Any CPU.ActiveCfg = Release|Any CPU
		{9820E01C-421B-4B49-BCAA-787F06D406CA}.Release|Any CPU.Build.0 = Release|Any CPU
		{9A233058-12FC-40AD-A35C-A6DE93B1AD52}.Debug|Any CPU.ActiveCfg = Debug|Any CPU
		{9A233058-12FC-40AD-A35C-A6DE93B1AD52}.Debug|Any CPU.Build.0 = Debug|Any CPU
		{9A233058-12FC-40AD-A35C-A6DE93B1AD52}.Release|Any CPU.ActiveCfg = Release|Any CPU
		{9A233058-12FC-40AD-A35C-A6DE93B1AD52}.Release|Any CPU.Build.0 = Release|Any CPU
		{3A5600FF-DE92-44AA-BEF5-8A50E70D8DC9}.Debug|Any CPU.ActiveCfg = Debug|Any CPU
		{3A5600FF-DE92-44AA-BEF5-8A50E70D8DC9}.Debug|Any CPU.Build.0 = Debug|Any CPU
		{3A5600FF-DE92-44AA-BEF5-8A50E70D8DC9}.Release|Any CPU.ActiveCfg = Release|Any CPU
		{3A5600FF-DE92-44AA-BEF5-8A50E70D8DC9}.Release|Any CPU.Build.0 = Release|Any CPU
		{EE6F32DB-42ED-4BCE-A8E0-67EA0CEC465A}.Debug|Any CPU.ActiveCfg = Debug|Any CPU
		{EE6F32DB-42ED-4BCE-A8E0-67EA0CEC465A}.Debug|Any CPU.Build.0 = Debug|Any CPU
		{EE6F32DB-42ED-4BCE-A8E0-67EA0CEC465A}.Release|Any CPU.ActiveCfg = Release|Any CPU
		{EE6F32DB-42ED-4BCE-A8E0-67EA0CEC465A}.Release|Any CPU.Build.0 = Release|Any CPU
	EndGlobalSection
	GlobalSection(SolutionProperties) = preSolution
		HideSolutionNode = FALSE
	EndGlobalSection
	GlobalSection(ExtensibilityGlobals) = postSolution
		SolutionGuid = {FBA3CEC9-FBEC-4CCE-8DA3-92DFA410A021}
	EndGlobalSection
	GlobalSection(NestedProjects) = preSolution
		{F1E46343-732B-43A0-A504-AEEE8DC6C8F3} = {3504CB1F-6218-4030-8FE9-B5C7274F7C40}
		{FF893C9B-6AA2-4610-B7E6-A75E90B888B3} = {3504CB1F-6218-4030-8FE9-B5C7274F7C40}
		{A96A05DC-B7F8-41D5-A6FF-0CC5A6FB4B3C} = {FC15B329-1F78-491D-ABB3-BF5E961CF0C4}
		{9820E01C-421B-4B49-BCAA-787F06D406CA} = {FC15B329-1F78-491D-ABB3-BF5E961CF0C4}
		{EE6F32DB-42ED-4BCE-A8E0-67EA0CEC465A} = {FC15B329-1F78-491D-ABB3-BF5E961CF0C4}
	EndGlobalSection
EndGlobal
